<Project xmlns="http://schemas.microsoft.com/developer/msbuild/2003">
    <PropertyGroup>
        <ProjectGuid>{f986b92d-fa26-4734-80cd-4aa41fbbc251}</ProjectGuid>
        <MainSource>g2f.dpr</MainSource>
        <Configuration Condition=" '$(Configuration)' == '' ">Release</Configuration>
        <DCC_DCCCompiler>DCC32</DCC_DCCCompiler>
        <DCC_DependencyCheckOutputName>g2f.exe</DCC_DependencyCheckOutputName>
        <FrameworkType>VCL</FrameworkType>
        <ProjectVersion>18.0</ProjectVersion>
        <Base>True</Base>
        <Config Condition="'$(Config)'==''">Release</Config>
        <Platform Condition="'$(Platform)'==''">Win32</Platform>
        <TargetedPlatforms>1025</TargetedPlatforms>
        <AppType>Application</AppType>
    </PropertyGroup>
    <PropertyGroup Condition="'$(Config)'=='Base' or '$(Base)'!=''">
        <Base>true</Base>
    </PropertyGroup>
    <PropertyGroup Condition="('$(Platform)'=='Win32' and '$(Base)'=='true') or '$(Base_Win32)'!=''">
        <Base_Win32>true</Base_Win32>
        <CfgParent>Base</CfgParent>
        <Base>true</Base>
    </PropertyGroup>
    <PropertyGroup Condition="('$(Platform)'=='Win64' and '$(Base)'=='true') or '$(Base_Win64)'!=''">
        <Base_Win64>true</Base_Win64>
        <CfgParent>Base</CfgParent>
        <Base>true</Base>
    </PropertyGroup>
    <PropertyGroup Condition="'$(Config)'=='Release' or '$(Cfg_1)'!=''">
        <Cfg_1>true</Cfg_1>
        <CfgParent>Base</CfgParent>
        <Base>true</Base>
    </PropertyGroup>
    <PropertyGroup Condition="('$(Platform)'=='iOSDevice64' and '$(Cfg_1)'=='true') or '$(Cfg_1_iOSDevice64)'!=''">
        <Cfg_1_iOSDevice64>true</Cfg_1_iOSDevice64>
        <CfgParent>Cfg_1</CfgParent>
        <Cfg_1>true</Cfg_1>
        <Base>true</Base>
    </PropertyGroup>
    <PropertyGroup Condition="('$(Platform)'=='Win32' and '$(Cfg_1)'=='true') or '$(Cfg_1_Win32)'!=''">
        <Cfg_1_Win32>true</Cfg_1_Win32>
        <CfgParent>Cfg_1</CfgParent>
        <Cfg_1>true</Cfg_1>
        <Base>true</Base>
    </PropertyGroup>
    <PropertyGroup Condition="'$(Config)'=='Debug' or '$(Cfg_2)'!=''">
        <Cfg_2>true</Cfg_2>
        <CfgParent>Base</CfgParent>
        <Base>true</Base>
    </PropertyGroup>
    <PropertyGroup Condition="('$(Platform)'=='iOSDevice64' and '$(Cfg_2)'=='true') or '$(Cfg_2_iOSDevice64)'!=''">
        <Cfg_2_iOSDevice64>true</Cfg_2_iOSDevice64>
        <CfgParent>Cfg_2</CfgParent>
        <Cfg_2>true</Cfg_2>
        <Base>true</Base>
    </PropertyGroup>
    <PropertyGroup Condition="('$(Platform)'=='Win32' and '$(Cfg_2)'=='true') or '$(Cfg_2_Win32)'!=''">
        <Cfg_2_Win32>true</Cfg_2_Win32>
        <CfgParent>Cfg_2</CfgParent>
        <Cfg_2>true</Cfg_2>
        <Base>true</Base>
    </PropertyGroup>
    <PropertyGroup Condition="'$(Base)'!=''">
        <DCC_Namespace>Vcl;Vcl.Imaging;Vcl.Touch;Vcl.Samples;Vcl.Shell;System;Xml;Data;Datasnap;Web;Soap;Winapi;FireDAC.VCLUI;$(DCC_Namespace)</DCC_Namespace>
        <VerInfo_Release>2</VerInfo_Release>
        <VerInfo_MajorVer>4</VerInfo_MajorVer>
        <SanitizedProjectName>g2f</SanitizedProjectName>
        <VerInfo_Locale>1033</VerInfo_Locale>
        <VerInfo_IncludeVerInfo>true</VerInfo_IncludeVerInfo>
        <VerInfo_Build>6</VerInfo_Build>
        <VerInfo_Keys>CompanyName=TeBe/Madteam;FileDescription=Graph2Font;FileVersion=4.0.2.6;InternalName=;LegalCopyright=;LegalTrademarks=;OriginalFilename=g2f.exe;ProductName=Graph2Font;ProductVersion=4.0.2.6;Comments=Freeware</VerInfo_Keys>
    </PropertyGroup>
    <PropertyGroup Condition="'$(Base_Win32)'!=''">
        <DCC_Namespace>System.Win;Data.Win;Datasnap.Win;Web.Win;Soap.Win;Xml.Win;Bde;$(DCC_Namespace)</DCC_Namespace>
        <Icon_MainIcon>g2f_Icon.ico</Icon_MainIcon>
        <Manifest_File>$(BDS)\bin\default_app.manifest</Manifest_File>
        <Debugger_LoadAllSymbols>false</Debugger_LoadAllSymbols>
        <VerInfo_Locale>1033</VerInfo_Locale>
        <VerInfo_IncludeVerInfo>true</VerInfo_IncludeVerInfo>
        <AppEnableRuntimeThemes>true</AppEnableRuntimeThemes>
        <VerInfo_Keys>CompanyName=;FileDescription=;FileVersion=1.0.0.0;InternalName=;LegalCopyright=;LegalTrademarks=;OriginalFilename=;ProductName=;ProductVersion=1.0.0.0;Comments=</VerInfo_Keys>
    </PropertyGroup>
    <PropertyGroup Condition="'$(Base_Win64)'!=''">
        <Icon_MainIcon>g2f_Icon.ico</Icon_MainIcon>
    </PropertyGroup>
    <PropertyGroup Condition="'$(Cfg_1)'!=''">
        <Version>7.0</Version>
        <DCC_DebugInformation>0</DCC_DebugInformation>
        <DCC_LocalDebugSymbols>False</DCC_LocalDebugSymbols>
        <DCC_SymbolReferenceInfo>0</DCC_SymbolReferenceInfo>
        <DCC_Define>DEBUG;RELEASE;$(DCC_Define)</DCC_Define>
        <DCC_AssertionsAtRuntime>False</DCC_AssertionsAtRuntime>
        <DCC_IOChecking>False</DCC_IOChecking>
    </PropertyGroup>
    <PropertyGroup Condition="'$(Cfg_1_iOSDevice64)'!=''">
        <BT_BuildType>Debug</BT_BuildType>
    </PropertyGroup>
    <PropertyGroup Condition="'$(Cfg_1_Win32)'!=''">
        <BRCC_OutputDir>D:\!Delphi\graph2font_d10\cursor\</BRCC_OutputDir>
        <DCC_UnitSearchPath>D:\!Delphi\graph2font_d10\dropdownbutton;$(DCC_UnitSearchPath)</DCC_UnitSearchPath>
        <BRCC_IncludePath>D:\!Delphi\graph2font_d10\cursor;$(BRCC_IncludePath)</BRCC_IncludePath>
        <VerInfo_Build>19</VerInfo_Build>
        <VerInfo_Keys>CompanyName=;FileDescription=;FileVersion=4.0.2.19;InternalName=;LegalCopyright=;LegalTrademarks=;OriginalFilename=;ProductName=;ProductVersion=4.0.2.6;Comments=</VerInfo_Keys>
        <VerInfo_AutoIncVersion>true</VerInfo_AutoIncVersion>
        <AppEnableRuntimeThemes>true</AppEnableRuntimeThemes>
        <AppEnableHighDPI>true</AppEnableHighDPI>
    </PropertyGroup>
    <PropertyGroup Condition="'$(Cfg_2)'!=''">
        <Version>7.0</Version>
        <DCC_IntegerOverflowCheck>True</DCC_IntegerOverflowCheck>
        <DCC_Define>DEBUG;DEBUG;$(DCC_Define)</DCC_Define>
        <DCC_RangeChecking>True</DCC_RangeChecking>
        <DCC_Optimize>False</DCC_Optimize>
    </PropertyGroup>
    <PropertyGroup Condition="'$(Cfg_2_iOSDevice64)'!=''">
        <BT_BuildType>Debug</BT_BuildType>
    </PropertyGroup>
    <PropertyGroup Condition="'$(Cfg_2_Win32)'!=''">
        <DCC_DebugInfoInExe>true</DCC_DebugInfoInExe>
        <DCC_DebugDCUs>true</DCC_DebugDCUs>
        <AppEnableAdministrator>true</AppEnableAdministrator>
        <BRCC_IncludePath>D:\!Delphi\graph2font_d10\cursor;D:\!Delphi\graph2font_d10\dropdownbutton;$(BRCC_IncludePath)</BRCC_IncludePath>
        <BRCC_OutputDir>D:\!Delphi\graph2font_d10\cursor\</BRCC_OutputDir>
        <VerInfo_MajorVer>1</VerInfo_MajorVer>
        <VerInfo_Release>0</VerInfo_Release>
        <VerInfo_Build>0</VerInfo_Build>
        <VerInfo_Keys>CompanyName=;FileDescription=;FileVersion=1.0.0.0;InternalName=;LegalCopyright=;LegalTrademarks=;OriginalFilename=;ProductName=;ProductVersion=1.0.0.0;Comments=</VerInfo_Keys>
        <AppEnableRuntimeThemes>true</AppEnableRuntimeThemes>
        <AppEnableHighDPI>true</AppEnableHighDPI>
    </PropertyGroup>
    <ProjectExtensions>
        <Borland.Personality>Delphi.Personality.12</Borland.Personality>
        <Borland.ProjectType>VCLApplication</Borland.ProjectType>
        <BorlandProject>
            <Delphi.Personality>
                <Parameters>
                    <Parameters Name="UseLauncher">False</Parameters>
                    <Parameters Name="LoadAllSymbols">False</Parameters>
                    <Parameters Name="LoadUnspecifiedSymbols">False</Parameters>
                </Parameters>
                <VersionInfo>
                    <VersionInfo Name="IncludeVerInfo">True</VersionInfo>
                    <VersionInfo Name="AutoIncBuild">False</VersionInfo>
                    <VersionInfo Name="MajorVer">4</VersionInfo>
                    <VersionInfo Name="MinorVer">0</VersionInfo>
                    <VersionInfo Name="Release">2</VersionInfo>
                    <VersionInfo Name="Build">6</VersionInfo>
                    <VersionInfo Name="Debug">False</VersionInfo>
                    <VersionInfo Name="PreRelease">False</VersionInfo>
                    <VersionInfo Name="Special">False</VersionInfo>
                    <VersionInfo Name="Private">False</VersionInfo>
                    <VersionInfo Name="DLL">False</VersionInfo>
                    <VersionInfo Name="Locale">1033</VersionInfo>
                    <VersionInfo Name="CodePage">1252</VersionInfo>
                </VersionInfo>
                <VersionInfoKeys>
                    <VersionInfoKeys Name="CompanyName">TeBe/Madteam</VersionInfoKeys>
                    <VersionInfoKeys Name="FileDescription">Graph2Font</VersionInfoKeys>
                    <VersionInfoKeys Name="FileVersion">4.0.2.6</VersionInfoKeys>
                    <VersionInfoKeys Name="InternalName"/>
                    <VersionInfoKeys Name="LegalCopyright"/>
                    <VersionInfoKeys Name="LegalTrademarks"/>
                    <VersionInfoKeys Name="OriginalFilename">g2f.exe</VersionInfoKeys>
                    <VersionInfoKeys Name="ProductName">Graph2Font</VersionInfoKeys>
                    <VersionInfoKeys Name="ProductVersion">4.0.2.6</VersionInfoKeys>
                    <VersionInfoKeys Name="Comments">Freeware</VersionInfoKeys>
                </VersionInfoKeys>
                <Source>
                    <Source Name="MainSource">g2f.dpr</Source>
                </Source>
                <Excluded_Packages>
                    <Excluded_Packages Name="$(BDSBIN)\dcloffice2k230.bpl">Microsoft Office 2000 Sample Automation Server Wrapper Components</Excluded_Packages>
                    <Excluded_Packages Name="$(BDSBIN)\dclofficexp230.bpl">Microsoft Office XP Sample Automation Server Wrapper Components</Excluded_Packages>
                </Excluded_Packages>
            </Delphi.Personality>
            <Platforms>
                <Platform value="iOSDevice64">True</Platform>
                <Platform value="Win32">True</Platform>
                <Platform value="Win64">False</Platform>
            </Platforms>
        </BorlandProject>
        <ProjectFileVersion>12</ProjectFileVersion>
    </ProjectExtensions>
    <Import Project="$(BDS)\Bin\CodeGear.Delphi.Targets"/>
    <ItemGroup>
        <DelphiCompile Include="$(MainSource)">
            <MainSource>MainSource</MainSource>
        </DelphiCompile>
        <RcCompile Include="cursor\kursor1.rc">
            <Form>cursor\kursor1.res</Form>
        </RcCompile>
        <RcCompile Include="cursor\plik_asm.rc">
            <Form>cursor\plik_asm.res</Form>
        </RcCompile>
        <DCCReference Include="Main.pas">
            <Form>Form1</Form>
        </DCCReference>
        <DCCReference Include="Zoom.pas">
            <Form>FZoom</Form>
        </DCCReference>
        <DCCReference Include="SelectColor.pas">
            <Form>FSelectColor</Form>
        </DCCReference>
        <DCCReference Include="EditColors.pas">
            <Form>FEditColors</Form>
        </DCCReference>
        <DCCReference Include="MoveCopyPaste.pas">
            <Form>FMove</Form>
        </DCCReference>
        <DCCReference Include="EditPMG.pas">
            <Form>FEditPMG</Form>
        </DCCReference>
        <DCCReference Include="CharsFill.pas">
            <Form>FCharsFill</Form>
        </DCCReference>
        <DCCReference Include="EditCharset.pas">
            <Form>FEditCharset</Form>
        </DCCReference>
        <DCCReference Include="Check.pas">
            <Form>FCheck</Form>
        </DCCReference>
        <DCCReference Include="EditRasters.pas">
            <Form>FEditRasters</Form>
        </DCCReference>
        <DCCReference Include="ExportAs.pas">
            <Form>FExportAs</Form>
        </DCCReference>
        <DCCReference Include="SelectFolder.pas">
            <Form>FSelectFolder</Form>
        </DCCReference>
        <DCCReference Include="About.pas">
            <Form>FAbout</Form>
        </DCCReference>
        <DCCReference Include="PaletteOptions.pas">
            <Form>FPaletteOptions</Form>
        </DCCReference>
        <DCCReference Include="Bmp2Pmg.pas">
            <Form>FBmp2Pmg</Form>
        </DCCReference>
        <DCCReference Include="EditPalette.pas">
            <Form>FEditPalette</Form>
        </DCCReference>
        <DCCReference Include="EditColorsMap.pas">
            <Form>FEditColorsMap</Form>
        </DCCReference>
        <DCCReference Include="LoadScreens.pas">
            <Form>FLoadScreens</Form>
        </DCCReference>
        <DCCReference Include="Special.pas">
            <Form>FSpecial</Form>
        </DCCReference>
        <DCCReference Include="EditBMP.pas">
            <Form>FEditBMP</Form>
        </DCCReference>
        <DCCReference Include="ImportBMP.pas">
            <Form>FImportBMP</Form>
        </DCCReference>
        <DCCReference Include="LineRange.pas">
            <Form>frameLineRange</Form>
            <DesignClass>TFrame</DesignClass>
        </DCCReference>
        <DCCReference Include="AddSkip.pas">
            <Form>frameAddSkip</Form>
            <DesignClass>TFrame</DesignClass>
        </DCCReference>
        <DCCReference Include="AtariPalette.pas">
            <Form>frameAtariPalette</Form>
            <DesignClass>TFrame</DesignClass>
        </DCCReference>
        <DCCReference Include="dropdownbutton\UnitButtonMenu.pas">
            <Form>ButtonMenu</Form>
            <DesignClass>TFrame</DesignClass>
        </DCCReference>
        <BuildConfiguration Include="Debug">
            <Key>Cfg_2</Key>
            <CfgParent>Base</CfgParent>
        </BuildConfiguration>
        <BuildConfiguration Include="Base">
            <Key>Base</Key>
        </BuildConfiguration>
        <BuildConfiguration Include="Release">
            <Key>Cfg_1</Key>
            <CfgParent>Base</CfgParent>
        </BuildConfiguration>
    </ItemGroup>
    <Import Project="$(BDS)\Bin\CodeGear.Delphi.Targets" Condition="Exists('$(BDS)\Bin\CodeGear.Delphi.Targets')"/>
    <Import Project="$(APPDATA)\Embarcadero\$(BDSAPPDATABASEDIR)\$(PRODUCTVERSION)\UserTools.proj" Condition="Exists('$(APPDATA)\Embarcadero\$(BDSAPPDATABASEDIR)\$(PRODUCTVERSION)\UserTools.proj')"/>
</Project>
